# This file is automatically @generated by Poetry 2.1.4 and should not be changed by hand.

[[package]]
name = "polars"
version = "1.44.1"
description = "Blazingly fast DataFrame library"
optional = false
python-versions = ">=3.10"
groups = ["main"]
files = [
    {file = "polars-1.44.1-py3-none-any.whl", hash = "sha256:1fa62fc1c88fba77a68b28291b5aabdd69e5f38b34e59721a064ae3169b59bb5"},
    {file = "polars-1.44.1.tar.gz", hash = "sha256:ef3c89e9ebbbe8eb343c06873f1945683f8b6f97a1bdf001c60551c6c5e3cda1"},
]

[package.dependencies]
polars-runtime-32 = "1.44.1"

[package.extras]
adbc = ["adbc-driver-manager[dbapi]", "adbc-driver-sqlite[dbapi]"]
all = ["polars[async,cloudpickle,database,deltalake,excel,fsspec,graph,iceberg,numpy,pandas,plot,pyarrow,pydantic,style,timezone]"]
async = ["gevent"]
calamine = ["fastexcel (>=0.9)"]
cloudpickle = ["cloudpickle"]
connectorx = ["connectorx (>=0.3.2)"]
database = ["polars[adbc,connectorx,sqlalchemy]"]
deltalake = ["deltalake (>=1.0.0,!=1.5.*)"]
excel = ["polars[calamine,openpyxl,xlsx2csv,xlsxwriter]"]
fsspec = ["fsspec"]
gpu = ["cudf-polars-cu12"]
graph = ["matplotlib"]
iceberg = ["pyiceberg (>=0.9.0)"]
numpy = ["numpy (>=1.16.0)"]
openpyxl = ["openpyxl (>=3.0.0)"]
pandas = ["pandas", "polars[pyarrow]"]
plot = ["altair (>=5.4.0)"]
polars-cloud = ["polars_cloud (>=0.9.0)"]
pyarrow = ["pyarrow (>=7.0.0)"]
pydantic = ["pydantic"]
rt64 = ["polars-runtime-64 (==1.44.1)"]
rtcompat = ["polars-runtime-compat (==1.44.1)"]
sqlalchemy = ["polars[pandas]", "sqlalchemy"]
style = ["great-tables (>=0.8.0)"]
timezone = ["tzdata ; platform_system == \"Windows\""]
xlsx2csv = ["xlsx2csv (>=0.8.0)"]
xlsxwriter = ["xlsxwriter"]

[[package]]
name = "polars-runtime-32"
version = "1.44.1"
description = "Blazingly fast DataFrame library"
optional = false
python-versions = ">=3.10"
groups = ["main"]
files = [
    {file = "polars_runtime_32-1.44.1-cp310-abi3-macosx_10_12_x86_64.whl", hash = "sha256:1dfccb2b52aa50468a7d28e3e61c8338a13fb5bffc8646e388a649f5bdc6b463"},
    {file = "polars_runtime_32-1.44.1-cp310-abi3-macosx_11_0_arm64.whl", hash = "sha256:0580807dc3eed258f0db70bb65d905dd43f0135392119ec25308033ae24258fb"},
    {file = "polars_runtime_32-1.44.1-cp310-abi3-manylinux_2_17_aarch64.manylinux2014_aarch64.whl", hash = "sha256:0627f9aa82cb869725235e5188f698862fd9ada0c8c1cf65c3dc5a49a4a0ec26"},
    {file = "polars_runtime_32-1.44.1-cp310-abi3-manylinux_2_17_x86_64.manylinux2014_x86_64.whl", hash = "sha256:eea4283be8e60822d890dbda20588fe59b4172b508bd5ebf3471e531ca9f50d7"},
    {file = "polars_runtime_32-1.44.1-cp310-abi3-musllinux_1_2_aarch64.whl", hash = "sha256:04e2c0f46e7a9906fffb1897f18f23b079b74f83c56b50060bace9e7b9b49b1a"},
    {file = "polars_runtime_32-1.44.1-cp310-abi3-musllinux_1_2_x86_64.whl", hash = "sha256:0956f0cae632d8fad3a04b4315bf2bb69b56d10c83c79a75c2c4c5a13b9ce5cc"},
    {file = "polars_runtime_32-1.44.1-cp310-abi3-win_amd64.whl", hash = "sha256:159334184e6fbb074c9f4692221ea19970a5e2bed2a479f9d7bdb00b7f3eedb9"},
    {file = "polars_runtime_32-1.44.1-cp310-abi3-win_arm64.whl", hash = "sha256:3ba28d638d0513e0b4afbcdab5c0059a85021e5f81d62b5f793e7e23badb2cf7"},
    {file = "polars_runtime_32-1.44.1.tar.gz", hash = "sha256:abd10a54ed1caff42228610fcba0f93251f9870bd7cffb0c78bc26f5e0718ce4"},
]

[metadata]
lock-version = "2.1"
python-versions = ">=3.12,<4.0"
content-hash = "f186d2b2ca14744b2da5c14cb9df5bf611e49003d5f7e8bef2b8215ce72f1371"
